
Microsoft Visual Studio Solution File, Format Version 12.00
# Visual Studio 2013
VisualStudioVersion = 12.0.21005.1
MinimumVisualStudioVersion = 10.0.40219.1
Project("{FAE04EC0-301F-11D3-BF4B-00C04F79EFBC}") = "TwoSum", "JeetCodeConsoleDemo\TwoSum.csproj", "{EA07C063-F70E-40FA-8383-0E001FFAA296}"
EndProject
Project("{FAE04EC0-301F-11D3-BF4B-00C04F79EFBC}") = "MedianOfTwoSortedArrays", "MedianOfTwoSortedArrays\MedianOfTwoSortedArrays.csproj", "{D06CA957-7B4C-4BA9-A8B7-BC744CB938E3}"
EndProject
Global
	GlobalSection(SolutionConfigurationPlatforms) = preSolution
		Debug|Any CPU = Debug|Any CPU
		Release|Any CPU = Release|Any CPU
	EndGlobalSection
	GlobalSection(ProjectConfigurationPlatforms) = postSolution
		{EA07C063-F70E-40FA-8383-0E001FFAA296}.Debug|Any CPU.ActiveCfg = Debug|Any CPU
		{EA07C063-F70E-40FA-8383-0E001FFAA296}.Debug|Any CPU.Build.0 = Debug|Any CPU
		{EA07C063-F70E-40FA-8383-0E001FFAA296}.Release|Any CPU.ActiveCfg = Release|Any CPU
		{EA07C063-F70E-40FA-8383-0E001FFAA296}.Release|Any CPU.Build.0 = Release|Any CPU
		{D06CA957-7B4C-4BA9-A8B7-BC744CB938E3}.Debug|Any CPU.ActiveCfg = Debug|Any CPU
		{D06CA957-7B4C-4BA9-A8B7-BC744CB938E3}.Debug|Any CPU.Build.0 = Debug|Any CPU
		{D06CA957-7B4C-4BA9-A8B7-BC744CB938E3}.Release|Any CPU.ActiveCfg = Release|Any CPU
		{D06CA957-7B4C-4BA9-A8B7-BC744CB938E3}.Release|Any CPU.Build.0 = Release|Any CPU
	EndGlobalSection
	GlobalSection(SolutionProperties) = preSolution
		HideSolutionNode = FALSE
	EndGlobalSection
EndGlobal
